<Solution>
  <Folder Name="/Solution Items/">
    <File Path=".editorconfig" />
    <File Path=".gitignore" />
    <File Path="Directory.Build.props" />
    <File Path="LICENSE" />
    <File Path="README.md" />
  </Folder>
  <Project Path="src/GAAPICommon.csproj">
    <Platform Solution="Release|*" Project="AnyCPU" />
  </Project>
  <Project Path="tests/GAAPICommon.Tests.csproj" />
</Solution>
